
Microsoft Visual Studio Solution File, Format Version 12.00
# Visual Studio Version 17
VisualStudioVersion = 17.5.33516.290
MinimumVisualStudioVersion = 10.0.40219.1
Project("{FAE04EC0-301F-11D3-BF4B-00C04F79EFBC}") = "RestWithASPNET", "RestWithASPNET\RestWithASPNET.csproj", "{350DABAA-D4D5-452C-9D96-A48462C66660}"
EndProject
Project("{FAE04EC0-301F-11D3-BF4B-00C04F79EFBC}") = "ProjetoPerson", "ProjetoPerson\ProjetoPerson.csproj", "{272929BF-E01C-4ED1-A57D-3E9D2F7DFEA9}"
EndProject
Global
	GlobalSection(SolutionConfigurationPlatforms) = preSolution
		Debug|Any CPU = Debug|Any CPU
		Release|Any CPU = Release|Any CPU
	EndGlobalSection
	GlobalSection(ProjectConfigurationPlatforms) = postSolution
		{350DABAA-D4D5-452C-9D96-A48462C66660}.Debug|Any CPU.ActiveCfg = Debug|Any CPU
		{350DABAA-D4D5-452C-9D96-A48462C66660}.Debug|Any CPU.Build.0 = Debug|Any CPU
		{350DABAA-D4D5-452C-9D96-A48462C66660}.Release|Any CPU.ActiveCfg = Release|Any CPU
		{350DABAA-D4D5-452C-9D96-A48462C66660}.Release|Any CPU.Build.0 = Release|Any CPU
		{272929BF-E01C-4ED1-A57D-3E9D2F7DFEA9}.Debug|Any CPU.ActiveCfg = Debug|Any CPU
		{272929BF-E01C-4ED1-A57D-3E9D2F7DFEA9}.Debug|Any CPU.Build.0 = Debug|Any CPU
		{272929BF-E01C-4ED1-A57D-3E9D2F7DFEA9}.Release|Any CPU.ActiveCfg = Release|Any CPU
		{272929BF-E01C-4ED1-A57D-3E9D2F7DFEA9}.Release|Any CPU.Build.0 = Release|Any CPU
	EndGlobalSection
	GlobalSection(SolutionProperties) = preSolution
		HideSolutionNode = FALSE
	EndGlobalSection
	GlobalSection(ExtensibilityGlobals) = postSolution
		SolutionGuid = {9BF6ED5A-4E78-499A-B7AF-9E2B41116929}
	EndGlobalSection
EndGlobal
